
Microsoft Visual Studio Solution File, Format Version 12.00
# Visual Studio Version 16
VisualStudioVersion = 16.0.30503.244
MinimumVisualStudioVersion = 10.0.40219.1
Project("{FAE04EC0-301F-11D3-BF4B-00C04F79EFBC}") = "DB_CoffeShop", "DB_CoffeShop\DB_CoffeShop.csproj", "{9C8E81AF-221D-4580-9F6D-ADC89F8F37C1}"
EndProject
Project("{FAE04EC0-301F-11D3-BF4B-00C04F79EFBC}") = "Student_Singleton", "Student_Singleton\Student_Singleton.csproj", "{A9EEBF92-FF4E-45C6-ABF0-979D17E08FDE}"
EndProject
Project("{FAE04EC0-301F-11D3-BF4B-00C04F79EFBC}") = "EFTest", "EFTest\EFTest.csproj", "{C7EC384A-C5C2-46CF-A887-A66E118E393D}"
EndProject
Project("{FAE04EC0-301F-11D3-BF4B-00C04F79EFBC}") = "CoffeeShop", "CoffeeShop\CoffeeShop.csproj", "{7A79F584-47E1-465F-BA83-A40B08BA7B0E}"
EndProject
Project("{FAE04EC0-301F-11D3-BF4B-00C04F79EFBC}") = "CoffeShopProject", "CoffeShopProject\CoffeShopProject.csproj", "{5C1E6022-8FFC-4883-B02B-05744FCF6AA6}"
EndProject
Project("{FAE04EC0-301F-11D3-BF4B-00C04F79EFBC}") = "DBP_CoffeeShop", "..\test123\test123\DBP_CoffeeShop.csproj", "{479F794F-C6F8-4E1C-9037-46583014AB0C}"
EndProject
Global
	GlobalSection(SolutionConfigurationPlatforms) = preSolution
		Debug|Any CPU = Debug|Any CPU
		Release|Any CPU = Release|Any CPU
	EndGlobalSection
	GlobalSection(ProjectConfigurationPlatforms) = postSolution
		{9C8E81AF-221D-4580-9F6D-ADC89F8F37C1}.Debug|Any CPU.ActiveCfg = Debug|Any CPU
		{9C8E81AF-221D-4580-9F6D-ADC89F8F37C1}.Debug|Any CPU.Build.0 = Debug|Any CPU
		{9C8E81AF-221D-4580-9F6D-ADC89F8F37C1}.Release|Any CPU.ActiveCfg = Release|Any CPU
		{9C8E81AF-221D-4580-9F6D-ADC89F8F37C1}.Release|Any CPU.Build.0 = Release|Any CPU
		{A9EEBF92-FF4E-45C6-ABF0-979D17E08FDE}.Debug|Any CPU.ActiveCfg = Debug|Any CPU
		{A9EEBF92-FF4E-45C6-ABF0-979D17E08FDE}.Debug|Any CPU.Build.0 = Debug|Any CPU
		{A9EEBF92-FF4E-45C6-ABF0-979D17E08FDE}.Release|Any CPU.ActiveCfg = Release|Any CPU
		{A9EEBF92-FF4E-45C6-ABF0-979D17E08FDE}.Release|Any CPU.Build.0 = Release|Any CPU
		{C7EC384A-C5C2-46CF-A887-A66E118E393D}.Debug|Any CPU.ActiveCfg = Debug|Any CPU
		{C7EC384A-C5C2-46CF-A887-A66E118E393D}.Debug|Any CPU.Build.0 = Debug|Any CPU
		{C7EC384A-C5C2-46CF-A887-A66E118E393D}.Release|Any CPU.ActiveCfg = Release|Any CPU
		{C7EC384A-C5C2-46CF-A887-A66E118E393D}.Release|Any CPU.Build.0 = Release|Any CPU
		{7A79F584-47E1-465F-BA83-A40B08BA7B0E}.Debug|Any CPU.ActiveCfg = Debug|Any CPU
		{7A79F584-47E1-465F-BA83-A40B08BA7B0E}.Debug|Any CPU.Build.0 = Debug|Any CPU
		{7A79F584-47E1-465F-BA83-A40B08BA7B0E}.Release|Any CPU.ActiveCfg = Release|Any CPU
		{7A79F584-47E1-465F-BA83-A40B08BA7B0E}.Release|Any CPU.Build.0 = Release|Any CPU
		{5C1E6022-8FFC-4883-B02B-05744FCF6AA6}.Debug|Any CPU.ActiveCfg = Debug|Any CPU
		{5C1E6022-8FFC-4883-B02B-05744FCF6AA6}.Debug|Any CPU.Build.0 = Debug|Any CPU
		{5C1E6022-8FFC-4883-B02B-05744FCF6AA6}.Release|Any CPU.ActiveCfg = Release|Any CPU
		{5C1E6022-8FFC-4883-B02B-05744FCF6AA6}.Release|Any CPU.Build.0 = Release|Any CPU
		{479F794F-C6F8-4E1C-9037-46583014AB0C}.Debug|Any CPU.ActiveCfg = Debug|Any CPU
		{479F794F-C6F8-4E1C-9037-46583014AB0C}.Debug|Any CPU.Build.0 = Debug|Any CPU
		{479F794F-C6F8-4E1C-9037-46583014AB0C}.Release|Any CPU.ActiveCfg = Release|Any CPU
		{479F794F-C6F8-4E1C-9037-46583014AB0C}.Release|Any CPU.Build.0 = Release|Any CPU
	EndGlobalSection
	GlobalSection(SolutionProperties) = preSolution
		HideSolutionNode = FALSE
	EndGlobalSection
	GlobalSection(ExtensibilityGlobals) = postSolution
		SolutionGuid = {EADB77CC-A924-4CA7-8F08-A950AB36FE7D}
	EndGlobalSection
EndGlobal
